
Microsoft Visual Studio Solution File, Format Version 12.00
# Visual Studio 2012
Project("{FAE04EC0-301F-11D3-BF4B-00C04F79EFBC}") = "DCoTEPatch", "DCoTEPatch\DCoTEPatch.csproj", "{250353F5-ACB1-4BA9-BBAA-C2637118B511}"
EndProject
Global
	GlobalSection(SolutionConfigurationPlatforms) = preSolution
		Debug|.NET 1.1 = Debug|.NET 1.1
		Debug|Any CPU = Debug|Any CPU
		Release|.NET 1.1 = Release|.NET 1.1
		Release|Any CPU = Release|Any CPU
	EndGlobalSection
	GlobalSection(ProjectConfigurationPlatforms) = postSolution
		{250353F5-ACB1-4BA9-BBAA-C2637118B511}.Debug|.NET 1.1.ActiveCfg = Debug|Any CPU
		{250353F5-ACB1-4BA9-BBAA-C2637118B511}.Debug|Any CPU.ActiveCfg = Debug|Any CPU
		{250353F5-ACB1-4BA9-BBAA-C2637118B511}.Debug|Any CPU.Build.0 = Debug|Any CPU
		{250353F5-ACB1-4BA9-BBAA-C2637118B511}.Release|.NET 1.1.ActiveCfg = Release|Any CPU
		{250353F5-ACB1-4BA9-BBAA-C2637118B511}.Release|Any CPU.ActiveCfg = Release|Any CPU
		{250353F5-ACB1-4BA9-BBAA-C2637118B511}.Release|Any CPU.Build.0 = Release|Any CPU
	EndGlobalSection
	GlobalSection(SolutionProperties) = preSolution
		HideSolutionNode = FALSE
	EndGlobalSection
EndGlobal
